Microsoft Visual Studio Solution File, Format Version 12.00
# Visual Studio Version 17
VisualStudioVersion = 17.13.35913.81
MinimumVisualStudioVersion = 10.0.40219.1
Project("{FAE04EC0-301F-11D3-BF4B-00C04F79EFBC}") = "Enumeration", "Enumeration\Enumeration.csproj", "{9454C847-4907-4586-BD45-4448EDB90BA0}"
EndProject
Project("{FAE04EC0-301F-11D3-BF4B-00C04F79EFBC}") = "ClassLibrary1", "ClassLibrary1\ClassLibrary1.csproj", "{63B19E99-FA60-4E74-9650-C378B9CF1B5B}"
EndProject
Global
	GlobalSection(SolutionConfigurationPlatforms) = preSolution
		Debug|Any CPU = Debug|Any CPU
		Release|Any CPU = Release|Any CPU
	EndGlobalSection
	GlobalSection(ProjectConfigurationPlatforms) = postSolution
		{9454C847-4907-4586-BD45-4448EDB90BA0}.Debug|Any CPU.ActiveCfg = Debug|Any CPU
		{9454C847-4907-4586-BD45-4448EDB90BA0}.Debug|Any CPU.Build.0 = Debug|Any CPU
		{9454C847-4907-4586-BD45-4448EDB90BA0}.Release|Any CPU.ActiveCfg = Release|Any CPU
		{9454C847-4907-4586-BD45-4448EDB90BA0}.Release|Any CPU.Build.0 = Release|Any CPU
		{63B19E99-FA60-4E74-9650-C378B9CF1B5B}.Debug|Any CPU.ActiveCfg = Debug|Any CPU
		{63B19E99-FA60-4E74-9650-C378B9CF1B5B}.Debug|Any CPU.Build.0 = Debug|Any CPU
		{63B19E99-FA60-4E74-9650-C378B9CF1B5B}.Release|Any CPU.ActiveCfg = Release|Any CPU
		{63B19E99-FA60-4E74-9650-C378B9CF1B5B}.Release|Any CPU.Build.0 = Release|Any CPU
	EndGlobalSection
	GlobalSection(SolutionProperties) = preSolution
		HideSolutionNode = FALSE
	EndGlobalSection
	GlobalSection(ExtensibilityGlobals) = postSolution
		SolutionGuid = {1B4C13F0-08D8-4A79-AB60-BEB0A967A95F}
	EndGlobalSection
EndGlobal
